
Microsoft Visual Studio Solution File, Format Version 12.00
# Visual Studio Version 17
VisualStudioVersion = 17.8.34309.116
MinimumVisualStudioVersion = 10.0.40219.1
Project("{9A19103F-16F7-4668-BE54-9A1E7A4F7556}") = "Rmn.KataTraining", "Rmn.KataTraining\Rmn.KataTraining.csproj", "{73C4B50F-DC92-4D4E-B0C6-B89F92397BE8}"
EndProject
Project("{2150E333-8FDC-42A3-9474-1A3956D46DE8}") = "Tests", "Tests", "{AB3183FD-6A74-43F8-BDCE-AFD9E43D0ECA}"
EndProject
Project("{2150E333-8FDC-42A3-9474-1A3956D46DE8}") = "Katas", "Katas", "{FEAAC8A1-9D0B-4B76-AC24-56C563596099}"
EndProject
Project("{9A19103F-16F7-4668-BE54-9A1E7A4F7556}") = "LeapYear.Unit.Tests.1", "LeapYear.Unit.Tests\LeapYear.Unit.Tests.1.csproj", "{FB4F244D-5343-4F94-B0B7-F6D3E16518F9}"
EndProject
Project("{9A19103F-16F7-4668-BE54-9A1E7A4F7556}") = "LeapYear.1", "LeapYear\LeapYear.1.csproj", "{7B4EE0C2-2194-44C2-AEC0-3E77FDCA921C}"
EndProject
Project("{2150E333-8FDC-42A3-9474-1A3956D46DE8}") = "LeapYears", "LeapYears", "{6CAF6895-1241-4F0A-9FDC-A1F7819F96B7}"
EndProject
Project("{2150E333-8FDC-42A3-9474-1A3956D46DE8}") = "LeapYears.Unit.Tests", "LeapYears.Unit.Tests", "{B7261FFA-A244-4551-AFF2-A10FB47A6085}"
EndProject
Project("{9A19103F-16F7-4668-BE54-9A1E7A4F7556}") = "LeapYear.Unit.Tests.2", "LeapYear.Unit.Test.1\LeapYear.Unit.Tests.2.csproj", "{2218928A-15E8-445C-897C-55DF3AAA1974}"
EndProject
Project("{9A19103F-16F7-4668-BE54-9A1E7A4F7556}") = "LeapYear.2", "LeapYear.2\LeapYear.2.csproj", "{933C63B0-06A4-4B7F-ACE3-43E1B6A7F4D2}"
EndProject
Project("{2150E333-8FDC-42A3-9474-1A3956D46DE8}") = "FizzBuzz.Unit.Tests", "FizzBuzz.Unit.Tests", "{1F3534AA-F53F-4FDB-9CCD-B692430E867F}"
EndProject
Project("{9A19103F-16F7-4668-BE54-9A1E7A4F7556}") = "FizzBuzz.Unit.Test.1", "FizzBuzz.Unit.Test.1\FizzBuzz.Unit.Test.1.csproj", "{866045EC-82FF-4B24-A7F0-4756C08FF9CE}"
EndProject
Project("{9A19103F-16F7-4668-BE54-9A1E7A4F7556}") = "FizzBuzz.1", "FizzBuzz.1\FizzBuzz.1.csproj", "{B9CB38F7-8566-430E-909C-E58FD965FFA9}"
EndProject
Project("{2150E333-8FDC-42A3-9474-1A3956D46DE8}") = "FizzBuzzs", "FizzBuzzs", "{D77F6FED-089E-48D2-9239-CD67E22A90BC}"
EndProject
Project("{9A19103F-16F7-4668-BE54-9A1E7A4F7556}") = "LeapYear.Unit.Tests.3", "LeapYear.Unit.Test.3\LeapYear.Unit.Tests.3.csproj", "{1FF39F85-2C76-4C14-B92C-508CA45B6701}"
EndProject
Project("{9A19103F-16F7-4668-BE54-9A1E7A4F7556}") = "LeapYear.3", "LeapYear.3\LeapYear.3.csproj", "{6518B728-3CFD-46A2-8E41-B3EB9B85ABA3}"
EndProject
Project("{FAE04EC0-301F-11D3-BF4B-00C04F79EFBC}") = "FizzBuzz.Unit.Test.2", "FizzBuzz.Unit.Test.2\FizzBuzz.Unit.Test.2.csproj", "{A3B7F8F0-2123-4B7D-875C-3E58868E20BE}"
EndProject
Project("{FAE04EC0-301F-11D3-BF4B-00C04F79EFBC}") = "FizzBuzz.2", "FizzBuzz.2\FizzBuzz.2.csproj", "{6260B1F5-DB05-49B0-9701-CE4B93BC002E}"
EndProject
Global
	GlobalSection(SolutionConfigurationPlatforms) = preSolution
		Debug|Any CPU = Debug|Any CPU
		Release|Any CPU = Release|Any CPU
	EndGlobalSection
	GlobalSection(ProjectConfigurationPlatforms) = postSolution
		{73C4B50F-DC92-4D4E-B0C6-B89F92397BE8}.Debug|Any CPU.ActiveCfg = Debug|Any CPU
		{73C4B50F-DC92-4D4E-B0C6-B89F92397BE8}.Debug|Any CPU.Build.0 = Debug|Any CPU
		{73C4B50F-DC92-4D4E-B0C6-B89F92397BE8}.Release|Any CPU.ActiveCfg = Release|Any CPU
		{73C4B50F-DC92-4D4E-B0C6-B89F92397BE8}.Release|Any CPU.Build.0 = Release|Any CPU
		{FB4F244D-5343-4F94-B0B7-F6D3E16518F9}.Debug|Any CPU.ActiveCfg = Debug|Any CPU
		{FB4F244D-5343-4F94-B0B7-F6D3E16518F9}.Debug|Any CPU.Build.0 = Debug|Any CPU
		{FB4F244D-5343-4F94-B0B7-F6D3E16518F9}.Release|Any CPU.ActiveCfg = Release|Any CPU
		{FB4F244D-5343-4F94-B0B7-F6D3E16518F9}.Release|Any CPU.Build.0 = Release|Any CPU
		{7B4EE0C2-2194-44C2-AEC0-3E77FDCA921C}.Debug|Any CPU.ActiveCfg = Debug|Any CPU
		{7B4EE0C2-2194-44C2-AEC0-3E77FDCA921C}.Debug|Any CPU.Build.0 = Debug|Any CPU
		{7B4EE0C2-2194-44C2-AEC0-3E77FDCA921C}.Release|Any CPU.ActiveCfg = Release|Any CPU
		{7B4EE0C2-2194-44C2-AEC0-3E77FDCA921C}.Release|Any CPU.Build.0 = Release|Any CPU
		{2218928A-15E8-445C-897C-55DF3AAA1974}.Debug|Any CPU.ActiveCfg = Debug|Any CPU
		{2218928A-15E8-445C-897C-55DF3AAA1974}.Debug|Any CPU.Build.0 = Debug|Any CPU
		{2218928A-15E8-445C-897C-55DF3AAA1974}.Release|Any CPU.ActiveCfg = Release|Any CPU
		{2218928A-15E8-445C-897C-55DF3AAA1974}.Release|Any CPU.Build.0 = Release|Any CPU
		{933C63B0-06A4-4B7F-ACE3-43E1B6A7F4D2}.Debug|Any CPU.ActiveCfg = Debug|Any CPU
		{933C63B0-06A4-4B7F-ACE3-43E1B6A7F4D2}.Debug|Any CPU.Build.0 = Debug|Any CPU
		{933C63B0-06A4-4B7F-ACE3-43E1B6A7F4D2}.Release|Any CPU.ActiveCfg = Release|Any CPU
		{933C63B0-06A4-4B7F-ACE3-43E1B6A7F4D2}.Release|Any CPU.Build.0 = Release|Any CPU
		{866045EC-82FF-4B24-A7F0-4756C08FF9CE}.Debug|Any CPU.ActiveCfg = Debug|Any CPU
		{866045EC-82FF-4B24-A7F0-4756C08FF9CE}.Debug|Any CPU.Build.0 = Debug|Any CPU
		{866045EC-82FF-4B24-A7F0-4756C08FF9CE}.Release|Any CPU.ActiveCfg = Release|Any CPU
		{866045EC-82FF-4B24-A7F0-4756C08FF9CE}.Release|Any CPU.Build.0 = Release|Any CPU
		{B9CB38F7-8566-430E-909C-E58FD965FFA9}.Debug|Any CPU.ActiveCfg = Debug|Any CPU
		{B9CB38F7-8566-430E-909C-E58FD965FFA9}.Debug|Any CPU.Build.0 = Debug|Any CPU
		{B9CB38F7-8566-430E-909C-E58FD965FFA9}.Release|Any CPU.ActiveCfg = Release|Any CPU
		{B9CB38F7-8566-430E-909C-E58FD965FFA9}.Release|Any CPU.Build.0 = Release|Any CPU
		{1FF39F85-2C76-4C14-B92C-508CA45B6701}.Debug|Any CPU.ActiveCfg = Debug|Any CPU
		{1FF39F85-2C76-4C14-B92C-508CA45B6701}.Debug|Any CPU.Build.0 = Debug|Any CPU
		{1FF39F85-2C76-4C14-B92C-508CA45B6701}.Release|Any CPU.ActiveCfg = Release|Any CPU
		{1FF39F85-2C76-4C14-B92C-508CA45B6701}.Release|Any CPU.Build.0 = Release|Any CPU
		{6518B728-3CFD-46A2-8E41-B3EB9B85ABA3}.Debug|Any CPU.ActiveCfg = Debug|Any CPU
		{6518B728-3CFD-46A2-8E41-B3EB9B85ABA3}.Debug|Any CPU.Build.0 = Debug|Any CPU
		{6518B728-3CFD-46A2-8E41-B3EB9B85ABA3}.Release|Any CPU.ActiveCfg = Release|Any CPU
		{6518B728-3CFD-46A2-8E41-B3EB9B85ABA3}.Release|Any CPU.Build.0 = Release|Any CPU
		{A3B7F8F0-2123-4B7D-875C-3E58868E20BE}.Debug|Any CPU.ActiveCfg = Debug|Any CPU
		{A3B7F8F0-2123-4B7D-875C-3E58868E20BE}.Debug|Any CPU.Build.0 = Debug|Any CPU
		{A3B7F8F0-2123-4B7D-875C-3E58868E20BE}.Release|Any CPU.ActiveCfg = Release|Any CPU
		{A3B7F8F0-2123-4B7D-875C-3E58868E20BE}.Release|Any CPU.Build.0 = Release|Any CPU
		{6260B1F5-DB05-49B0-9701-CE4B93BC002E}.Debug|Any CPU.ActiveCfg = Debug|Any CPU
		{6260B1F5-DB05-49B0-9701-CE4B93BC002E}.Debug|Any CPU.Build.0 = Debug|Any CPU
		{6260B1F5-DB05-49B0-9701-CE4B93BC002E}.Release|Any CPU.ActiveCfg = Release|Any CPU
		{6260B1F5-DB05-49B0-9701-CE4B93BC002E}.Release|Any CPU.Build.0 = Release|Any CPU
	EndGlobalSection
	GlobalSection(SolutionProperties) = preSolution
		HideSolutionNode = FALSE
	EndGlobalSection
	GlobalSection(NestedProjects) = preSolution
		{FB4F244D-5343-4F94-B0B7-F6D3E16518F9} = {B7261FFA-A244-4551-AFF2-A10FB47A6085}
		{7B4EE0C2-2194-44C2-AEC0-3E77FDCA921C} = {6CAF6895-1241-4F0A-9FDC-A1F7819F96B7}
		{6CAF6895-1241-4F0A-9FDC-A1F7819F96B7} = {FEAAC8A1-9D0B-4B76-AC24-56C563596099}
		{B7261FFA-A244-4551-AFF2-A10FB47A6085} = {AB3183FD-6A74-43F8-BDCE-AFD9E43D0ECA}
		{2218928A-15E8-445C-897C-55DF3AAA1974} = {B7261FFA-A244-4551-AFF2-A10FB47A6085}
		{933C63B0-06A4-4B7F-ACE3-43E1B6A7F4D2} = {6CAF6895-1241-4F0A-9FDC-A1F7819F96B7}
		{1F3534AA-F53F-4FDB-9CCD-B692430E867F} = {AB3183FD-6A74-43F8-BDCE-AFD9E43D0ECA}
		{866045EC-82FF-4B24-A7F0-4756C08FF9CE} = {1F3534AA-F53F-4FDB-9CCD-B692430E867F}
		{B9CB38F7-8566-430E-909C-E58FD965FFA9} = {D77F6FED-089E-48D2-9239-CD67E22A90BC}
		{D77F6FED-089E-48D2-9239-CD67E22A90BC} = {FEAAC8A1-9D0B-4B76-AC24-56C563596099}
		{1FF39F85-2C76-4C14-B92C-508CA45B6701} = {B7261FFA-A244-4551-AFF2-A10FB47A6085}
		{6518B728-3CFD-46A2-8E41-B3EB9B85ABA3} = {6CAF6895-1241-4F0A-9FDC-A1F7819F96B7}
		{A3B7F8F0-2123-4B7D-875C-3E58868E20BE} = {1F3534AA-F53F-4FDB-9CCD-B692430E867F}
		{6260B1F5-DB05-49B0-9701-CE4B93BC002E} = {D77F6FED-089E-48D2-9239-CD67E22A90BC}
	EndGlobalSection
	GlobalSection(ExtensibilityGlobals) = postSolution
		SolutionGuid = {85D87C1A-824A-4F3A-BC7E-77C2AEEE7BA1}
	EndGlobalSection
EndGlobal
